
Microsoft Visual Studio Solution File, Format Version 12.00
# Visual Studio Version 16
VisualStudioVersion = 16.0.29403.142
MinimumVisualStudioVersion = 10.0.40219.1
Project("{2150E333-8FDC-42A3-9474-1A3956D46DE8}") = "src", "src", "{9F56FD75-98DD-4BE6-93CB-05F526385CCC}"
EndProject
Project("{2150E333-8FDC-42A3-9474-1A3956D46DE8}") = "Serilog", "Serilog", "{241B9FB0-6A12-44E9-BD57-F10609AEAA28}"
EndProject
Project("{9A19103F-16F7-4668-BE54-9A1E7A4F7556}") = "APICore", "src\Serilog\APICore\APICore.csproj", "{9E834E58-BB92-4A77-9E36-C119265684A8}"
EndProject
Project("{2150E333-8FDC-42A3-9474-1A3956D46DE8}") = "Solution Items", "Solution Items", "{EDB6746C-1657-4B5D-81FE-E049FB117124}"
	ProjectSection(SolutionItems) = preProject
		docker-compose.yml = docker-compose.yml
		Dockerfile = Dockerfile
		readme.md = readme.md
		testrequest.yml = testrequest.yml
	EndProjectSection
EndProject
Project("{9A19103F-16F7-4668-BE54-9A1E7A4F7556}") = "LogSample.Model", "src\LogSample.Model\LogSample.Model.csproj", "{6664DF01-E275-4CC4-A79F-8013273E8D2D}"
EndProject
Global
	GlobalSection(SolutionConfigurationPlatforms) = preSolution
		Debug|Any CPU = Debug|Any CPU
		Release|Any CPU = Release|Any CPU
	EndGlobalSection
	GlobalSection(ProjectConfigurationPlatforms) = postSolution
		{9E834E58-BB92-4A77-9E36-C119265684A8}.Debug|Any CPU.ActiveCfg = Debug|Any CPU
		{9E834E58-BB92-4A77-9E36-C119265684A8}.Debug|Any CPU.Build.0 = Debug|Any CPU
		{9E834E58-BB92-4A77-9E36-C119265684A8}.Release|Any CPU.ActiveCfg = Release|Any CPU
		{9E834E58-BB92-4A77-9E36-C119265684A8}.Release|Any CPU.Build.0 = Release|Any CPU
		{6664DF01-E275-4CC4-A79F-8013273E8D2D}.Debug|Any CPU.ActiveCfg = Debug|Any CPU
		{6664DF01-E275-4CC4-A79F-8013273E8D2D}.Debug|Any CPU.Build.0 = Debug|Any CPU
		{6664DF01-E275-4CC4-A79F-8013273E8D2D}.Release|Any CPU.ActiveCfg = Release|Any CPU
		{6664DF01-E275-4CC4-A79F-8013273E8D2D}.Release|Any CPU.Build.0 = Release|Any CPU
	EndGlobalSection
	GlobalSection(SolutionProperties) = preSolution
		HideSolutionNode = FALSE
	EndGlobalSection
	GlobalSection(NestedProjects) = preSolution
		{241B9FB0-6A12-44E9-BD57-F10609AEAA28} = {9F56FD75-98DD-4BE6-93CB-05F526385CCC}
		{9E834E58-BB92-4A77-9E36-C119265684A8} = {241B9FB0-6A12-44E9-BD57-F10609AEAA28}
		{6664DF01-E275-4CC4-A79F-8013273E8D2D} = {9F56FD75-98DD-4BE6-93CB-05F526385CCC}
	EndGlobalSection
	GlobalSection(ExtensibilityGlobals) = postSolution
		SolutionGuid = {CA00C348-731E-4BB3-8B6C-0181E3E9A9D7}
	EndGlobalSection
EndGlobal
